
Microsoft Visual Studio Solution File, Format Version 12.00
# Visual Studio 15
VisualStudioVersion = 15.0.27703.2042
MinimumVisualStudioVersion = 10.0.40219.1
Project("{FAE04EC0-301F-11D3-BF4B-00C04F79EFBC}") = "House.Android", "House\House.Android\House.Android.csproj", "{9FFEB764-F7B3-4B51-A3C6-3F67C723E632}"
EndProject
Project("{FAE04EC0-301F-11D3-BF4B-00C04F79EFBC}") = "House.iOS", "House\House.iOS\House.iOS.csproj", "{631C181C-D370-474F-B523-9A7B4EDDE527}"
EndProject
Project("{FAE04EC0-301F-11D3-BF4B-00C04F79EFBC}") = "House.UWP", "House\House.UWP\House.UWP.csproj", "{98E1A557-2107-41BE-81F0-A6FA97869CBF}"
EndProject
Project("{9A19103F-16F7-4668-BE54-9A1E7A4F7556}") = "House", "House\House\House.csproj", "{B45DD38F-A2B0-4B93-A7A6-8E2D6B0C8321}"
EndProject
Project("{9A19103F-16F7-4668-BE54-9A1E7A4F7556}") = "ns.utils", "..\utils\ns.utils.csproj", "{23252B8D-7E85-4F5F-9E4F-1232686D306B}"
EndProject
Project("{FAE04EC0-301F-11D3-BF4B-00C04F79EFBC}") = "HouseApi", "HouseApi\HouseApi.csproj", "{266F2199-302C-48C2-B318-6323A3F5270D}"
EndProject
Global
	GlobalSection(SolutionConfigurationPlatforms) = preSolution
		Ad-Hoc|Any CPU = Ad-Hoc|Any CPU
		Ad-Hoc|ARM = Ad-Hoc|ARM
		Ad-Hoc|iPhone = Ad-Hoc|iPhone
		Ad-Hoc|iPhoneSimulator = Ad-Hoc|iPhoneSimulator
		Ad-Hoc|x64 = Ad-Hoc|x64
		Ad-Hoc|x86 = Ad-Hoc|x86
		AppStore|Any CPU = AppStore|Any CPU
		AppStore|ARM = AppStore|ARM
		AppStore|iPhone = AppStore|iPhone
		AppStore|iPhoneSimulator = AppStore|iPhoneSimulator
		AppStore|x64 = AppStore|x64
		AppStore|x86 = AppStore|x86
		Debug|Any CPU = Debug|Any CPU
		Debug|ARM = Debug|ARM
		Debug|iPhone = Debug|iPhone
		Debug|iPhoneSimulator = Debug|iPhoneSimulator
		Debug|x64 = Debug|x64
		Debug|x86 = Debug|x86
		Release|Any CPU = Release|Any CPU
		Release|ARM = Release|ARM
		Release|iPhone = Release|iPhone
		Release|iPhoneSimulator = Release|iPhoneSimulator
		Release|x64 = Release|x64
		Release|x86 = Release|x86
	EndGlobalSection
	GlobalSection(ProjectConfigurationPlatforms) = postSolution
		{9FFEB764-F7B3-4B51-A3C6-3F67C723E632}.Ad-Hoc|Any CPU.ActiveCfg = Release|Any CPU
		{9FFEB764-F7B3-4B51-A3C6-3F67C723E632}.Ad-Hoc|Any CPU.Build.0 = Release|Any CPU
		{9FFEB764-F7B3-4B51-A3C6-3F67C723E632}.Ad-Hoc|Any CPU.Deploy.0 = Release|Any CPU
		{9FFEB764-F7B3-4B51-A3C6-3F67C723E632}.Ad-Hoc|ARM.ActiveCfg = Release|Any CPU
		{9FFEB764-F7B3-4B51-A3C6-3F67C723E632}.Ad-Hoc|ARM.Build.0 = Release|Any CPU
		{9FFEB764-F7B3-4B51-A3C6-3F67C723E632}.Ad-Hoc|ARM.Deploy.0 = Release|Any CPU
		{9FFEB764-F7B3-4B51-A3C6-3F67C723E632}.Ad-Hoc|iPhone.ActiveCfg = Release|Any CPU
		{9FFEB764-F7B3-4B51-A3C6-3F67C723E632}.Ad-Hoc|iPhone.Build.0 = Release|Any CPU
		{9FFEB764-F7B3-4B51-A3C6-3F67C723E632}.Ad-Hoc|iPhone.Deploy.0 = Release|Any CPU
		{9FFEB764-F7B3-4B51-A3C6-3F67C723E632}.Ad-Hoc|iPhoneSimulator.ActiveCfg = Release|Any CPU
		{9FFEB764-F7B3-4B51-A3C6-3F67C723E632}.Ad-Hoc|iPhoneSimulator.Build.0 = Release|Any CPU
		{9FFEB764-F7B3-4B51-A3C6-3F67C723E632}.Ad-Hoc|iPhoneSimulator.Deploy.0 = Release|Any CPU
		{9FFEB764-F7B3-4B51-A3C6-3F67C723E632}.Ad-Hoc|x64.ActiveCfg = Release|Any CPU
		{9FFEB764-F7B3-4B51-A3C6-3F67C723E632}.Ad-Hoc|x64.Build.0 = Release|Any CPU
		{9FFEB764-F7B3-4B51-A3C6-3F67C723E632}.Ad-Hoc|x64.Deploy.0 = Release|Any CPU
		{9FFEB764-F7B3-4B51-A3C6-3F67C723E632}.Ad-Hoc|x86.ActiveCfg = Release|Any CPU
		{9FFEB764-F7B3-4B51-A3C6-3F67C723E632}.Ad-Hoc|x86.Build.0 = Release|Any CPU
		{9FFEB764-F7B3-4B51-A3C6-3F67C723E632}.Ad-Hoc|x86.Deploy.0 = Release|Any CPU
		{9FFEB764-F7B3-4B51-A3C6-3F67C723E632}.AppStore|Any CPU.ActiveCfg = Release|Any CPU
		{9FFEB764-F7B3-4B51-A3C6-3F67C723E632}.AppStore|Any CPU.Build.0 = Release|Any CPU
		{9FFEB764-F7B3-4B51-A3C6-3F67C723E632}.AppStore|Any CPU.Deploy.0 = Release|Any CPU
		{9FFEB764-F7B3-4B51-A3C6-3F67C723E632}.AppStore|ARM.ActiveCfg = Release|Any CPU
		{9FFEB764-F7B3-4B51-A3C6-3F67C723E632}.AppStore|ARM.Build.0 = Release|Any CPU
		{9FFEB764-F7B3-4B51-A3C6-3F67C723E632}.AppStore|ARM.Deploy.0 = Release|Any CPU
		{9FFEB764-F7B3-4B51-A3C6-3F67C723E632}.AppStore|iPhone.ActiveCfg = Release|Any CPU
		{9FFEB764-F7B3-4B51-A3C6-3F67C723E632}.AppStore|iPhone.Build.0 = Release|Any CPU
		{9FFEB764-F7B3-4B51-A3C6-3F67C723E632}.AppStore|iPhone.Deploy.0 = Release|Any CPU
		{9FFEB764-F7B3-4B51-A3C6-3F67C723E632}.AppStore|iPhoneSimulator.ActiveCfg = Release|Any CPU
		{9FFEB764-F7B3-4B51-A3C6-3F67C723E632}.AppStore|iPhoneSimulator.Build.0 = Release|Any CPU
		{9FFEB764-F7B3-4B51-A3C6-3F67C723E632}.AppStore|iPhoneSimulator.Deploy.0 = Release|Any CPU
		{9FFEB764-F7B3-4B51-A3C6-3F67C723E632}.AppStore|x64.ActiveCfg = Release|Any CPU
		{9FFEB764-F7B3-4B51-A3C6-3F67C723E632}.AppStore|x64.Build.0 = Release|Any CPU
		{9FFEB764-F7B3-4B51-A3C6-3F67C723E632}.AppStore|x64.Deploy.0 = Release|Any CPU
		{9FFEB764-F7B3-4B51-A3C6-3F67C723E632}.AppStore|x86.ActiveCfg = Release|Any CPU
		{9FFEB764-F7B3-4B51-A3C6-3F67C723E632}.AppStore|x86.Build.0 = Release|Any CPU
		{9FFEB764-F7B3-4B51-A3C6-3F67C723E632}.AppStore|x86.Deploy.0 = Release|Any CPU
		{9FFEB764-F7B3-4B51-A3C6-3F67C723E632}.Debug|Any CPU.ActiveCfg = Debug|Any CPU
		{9FFEB764-F7B3-4B51-A3C6-3F67C723E632}.Debug|Any CPU.Build.0 = Debug|Any CPU
		{9FFEB764-F7B3-4B51-A3C6-3F67C723E632}.Debug|Any CPU.Deploy.0 = Debug|Any CPU
		{9FFEB764-F7B3-4B51-A3C6-3F67C723E632}.Debug|ARM.ActiveCfg = Debug|Any CPU
		{9FFEB764-F7B3-4B51-A3C6-3F67C723E632}.Debug|ARM.Build.0 = Debug|Any CPU
		{9FFEB764-F7B3-4B51-A3C6-3F67C723E632}.Debug|ARM.Deploy.0 = Debug|Any CPU
		{9FFEB764-F7B3-4B51-A3C6-3F67C723E632}.Debug|iPhone.ActiveCfg = Debug|Any CPU
		{9FFEB764-F7B3-4B51-A3C6-3F67C723E632}.Debug|iPhone.Build.0 = Debug|Any CPU
		{9FFEB764-F7B3-4B51-A3C6-3F67C723E632}.Debug|iPhone.Deploy.0 = Debug|Any CPU
		{9FFEB764-F7B3-4B51-A3C6-3F67C723E632}.Debug|iPhoneSimulator.ActiveCfg = Debug|Any CPU
		{9FFEB764-F7B3-4B51-A3C6-3F67C723E632}.Debug|iPhoneSimulator.Build.0 = Debug|Any CPU
		{9FFEB764-F7B3-4B51-A3C6-3F67C723E632}.Debug|iPhoneSimulator.Deploy.0 = Debug|Any CPU
		{9FFEB764-F7B3-4B51-A3C6-3F67C723E632}.Debug|x64.ActiveCfg = Debug|Any CPU
		{9FFEB764-F7B3-4B51-A3C6-3F67C723E632}.Debug|x64.Build.0 = Debug|Any CPU
		{9FFEB764-F7B3-4B51-A3C6-3F67C723E632}.Debug|x64.Deploy.0 = Debug|Any CPU
		{9FFEB764-F7B3-4B51-A3C6-3F67C723E632}.Debug|x86.ActiveCfg = Debug|Any CPU
		{9FFEB764-F7B3-4B51-A3C6-3F67C723E632}.Debug|x86.Build.0 = Debug|Any CPU
		{9FFEB764-F7B3-4B51-A3C6-3F67C723E632}.Debug|x86.Deploy.0 = Debug|Any CPU
		{9FFEB764-F7B3-4B51-A3C6-3F67C723E632}.Release|Any CPU.ActiveCfg = Release|Any CPU
		{9FFEB764-F7B3-4B51-A3C6-3F67C723E632}.Release|Any CPU.Build.0 = Release|Any CPU
		{9FFEB764-F7B3-4B51-A3C6-3F67C723E632}.Release|Any CPU.Deploy.0 = Release|Any CPU
		{9FFEB764-F7B3-4B51-A3C6-3F67C723E632}.Release|ARM.ActiveCfg = Release|Any CPU
		{9FFEB764-F7B3-4B51-A3C6-3F67C723E632}.Release|ARM.Build.0 = Release|Any CPU
		{9FFEB764-F7B3-4B51-A3C6-3F67C723E632}.Release|ARM.Deploy.0 = Release|Any CPU
		{9FFEB764-F7B3-4B51-A3C6-3F67C723E632}.Release|iPhone.ActiveCfg = Release|Any CPU
		{9FFEB764-F7B3-4B51-A3C6-3F67C723E632}.Release|iPhone.Build.0 = Release|Any CPU
		{9FFEB764-F7B3-4B51-A3C6-3F67C723E632}.Release|iPhone.Deploy.0 = Release|Any CPU
		{9FFEB764-F7B3-4B51-A3C6-3F67C723E632}.Release|iPhoneSimulator.ActiveCfg = Release|Any CPU
		{9FFEB764-F7B3-4B51-A3C6-3F67C723E632}.Release|iPhoneSimulator.Build.0 = Release|Any CPU
		{9FFEB764-F7B3-4B51-A3C6-3F67C723E632}.Release|iPhoneSimulator.Deploy.0 = Release|Any CPU
		{9FFEB764-F7B3-4B51-A3C6-3F67C723E632}.Release|x64.ActiveCfg = Release|Any CPU
		{9FFEB764-F7B3-4B51-A3C6-3F67C723E632}.Release|x64.Build.0 = Release|Any CPU
		{9FFEB764-F7B3-4B51-A3C6-3F67C723E632}.Release|x64.Deploy.0 = Release|Any CPU
		{9FFEB764-F7B3-4B51-A3C6-3F67C723E632}.Release|x86.ActiveCfg = Release|Any CPU
		{9FFEB764-F7B3-4B51-A3C6-3F67C723E632}.Release|x86.Build.0 = Release|Any CPU
		{9FFEB764-F7B3-4B51-A3C6-3F67C723E632}.Release|x86.Deploy.0 = Release|Any CPU
		{631C181C-D370-474F-B523-9A7B4EDDE527}.Ad-Hoc|Any CPU.ActiveCfg = Ad-Hoc|iPhone
		{631C181C-D370-474F-B523-9A7B4EDDE527}.Ad-Hoc|Any CPU.Build.0 = Ad-Hoc|iPhone
		{631C181C-D370-474F-B523-9A7B4EDDE527}.Ad-Hoc|Any CPU.Deploy.0 = Ad-Hoc|iPhone
		{631C181C-D370-474F-B523-9A7B4EDDE527}.Ad-Hoc|ARM.ActiveCfg = Ad-Hoc|iPhone
		{631C181C-D370-474F-B523-9A7B4EDDE527}.Ad-Hoc|ARM.Build.0 = Ad-Hoc|iPhone
		{631C181C-D370-474F-B523-9A7B4EDDE527}.Ad-Hoc|ARM.Deploy.0 = Ad-Hoc|iPhone
		{631C181C-D370-474F-B523-9A7B4EDDE527}.Ad-Hoc|iPhone.ActiveCfg = Ad-Hoc|iPhone
		{631C181C-D370-474F-B523-9A7B4EDDE527}.Ad-Hoc|iPhone.Build.0 = Ad-Hoc|iPhone
		{631C181C-D370-474F-B523-9A7B4EDDE527}.Ad-Hoc|iPhone.Deploy.0 = Ad-Hoc|iPhone
		{631C181C-D370-474F-B523-9A7B4EDDE527}.Ad-Hoc|iPhoneSimulator.ActiveCfg = Ad-Hoc|iPhoneSimulator
		{631C181C-D370-474F-B523-9A7B4EDDE527}.Ad-Hoc|iPhoneSimulator.Build.0 = Ad-Hoc|iPhoneSimulator
		{631C181C-D370-474F-B523-9A7B4EDDE527}.Ad-Hoc|iPhoneSimulator.Deploy.0 = Ad-Hoc|iPhoneSimulator
		{631C181C-D370-474F-B523-9A7B4EDDE527}.Ad-Hoc|x64.ActiveCfg = Ad-Hoc|iPhone
		{631C181C-D370-474F-B523-9A7B4EDDE527}.Ad-Hoc|x64.Build.0 = Ad-Hoc|iPhone
		{631C181C-D370-474F-B523-9A7B4EDDE527}.Ad-Hoc|x64.Deploy.0 = Ad-Hoc|iPhone
		{631C181C-D370-474F-B523-9A7B4EDDE527}.Ad-Hoc|x86.ActiveCfg = Ad-Hoc|iPhone
		{631C181C-D370-474F-B523-9A7B4EDDE527}.Ad-Hoc|x86.Build.0 = Ad-Hoc|iPhone
		{631C181C-D370-474F-B523-9A7B4EDDE527}.Ad-Hoc|x86.Deploy.0 = Ad-Hoc|iPhone
		{631C181C-D370-474F-B523-9A7B4EDDE527}.AppStore|Any CPU.ActiveCfg = AppStore|iPhone
		{631C181C-D370-474F-B523-9A7B4EDDE527}.AppStore|Any CPU.Build.0 = AppStore|iPhone
		{631C181C-D370-474F-B523-9A7B4EDDE527}.AppStore|Any CPU.Deploy.0 = AppStore|iPhone
		{631C181C-D370-474F-B523-9A7B4EDDE527}.AppStore|ARM.ActiveCfg = AppStore|iPhone
		{631C181C-D370-474F-B523-9A7B4EDDE527}.AppStore|ARM.Build.0 = AppStore|iPhone
		{631C181C-D370-474F-B523-9A7B4EDDE527}.AppStore|ARM.Deploy.0 = AppStore|iPhone
		{631C181C-D370-474F-B523-9A7B4EDDE527}.AppStore|iPhone.ActiveCfg = AppStore|iPhone
		{631C181C-D370-474F-B523-9A7B4EDDE527}.AppStore|iPhone.Build.0 = AppStore|iPhone
		{631C181C-D370-474F-B523-9A7B4EDDE527}.AppStore|iPhone.Deploy.0 = AppStore|iPhone
		{631C181C-D370-474F-B523-9A7B4EDDE527}.AppStore|iPhoneSimulator.ActiveCfg = AppStore|iPhoneSimulator
		{631C181C-D370-474F-B523-9A7B4EDDE527}.AppStore|iPhoneSimulator.Build.0 = AppStore|iPhoneSimulator
		{631C181C-D370-474F-B523-9A7B4EDDE527}.AppStore|iPhoneSimulator.Deploy.0 = AppStore|iPhoneSimulator
		{631C181C-D370-474F-B523-9A7B4EDDE527}.AppStore|x64.ActiveCfg = AppStore|iPhone
		{631C181C-D370-474F-B523-9A7B4EDDE527}.AppStore|x64.Build.0 = AppStore|iPhone
		{631C181C-D370-474F-B523-9A7B4EDDE527}.AppStore|x64.Deploy.0 = AppStore|iPhone
		{631C181C-D370-474F-B523-9A7B4EDDE527}.AppStore|x86.ActiveCfg = AppStore|iPhone
		{631C181C-D370-474F-B523-9A7B4EDDE527}.AppStore|x86.Build.0 = AppStore|iPhone
		{631C181C-D370-474F-B523-9A7B4EDDE527}.AppStore|x86.Deploy.0 = AppStore|iPhone
		{631C181C-D370-474F-B523-9A7B4EDDE527}.Debug|Any CPU.ActiveCfg = Debug|iPhoneSimulator
		{631C181C-D370-474F-B523-9A7B4EDDE527}.Debug|Any CPU.Build.0 = Debug|iPhoneSimulator
		{631C181C-D370-474F-B523-9A7B4EDDE527}.Debug|Any CPU.Deploy.0 = Debug|iPhoneSimulator
		{631C181C-D370-474F-B523-9A7B4EDDE527}.Debug|ARM.ActiveCfg = Debug|iPhone
		{631C181C-D370-474F-B523-9A7B4EDDE527}.Debug|ARM.Build.0 = Debug|iPhone
		{631C181C-D370-474F-B523-9A7B4EDDE527}.Debug|ARM.Deploy.0 = Debug|iPhone
		{631C181C-D370-474F-B523-9A7B4EDDE527}.Debug|iPhone.ActiveCfg = Debug|iPhone
		{631C181C-D370-474F-B523-9A7B4EDDE527}.Debug|iPhone.Build.0 = Debug|iPhone
		{631C181C-D370-474F-B523-9A7B4EDDE527}.Debug|iPhone.Deploy.0 = Debug|iPhone
		{631C181C-D370-474F-B523-9A7B4EDDE527}.Debug|iPhoneSimulator.ActiveCfg = Debug|iPhoneSimulator
		{631C181C-D370-474F-B523-9A7B4EDDE527}.Debug|iPhoneSimulator.Build.0 = Debug|iPhoneSimulator
		{631C181C-D370-474F-B523-9A7B4EDDE527}.Debug|iPhoneSimulator.Deploy.0 = Debug|iPhoneSimulator
		{631C181C-D370-474F-B523-9A7B4EDDE527}.Debug|x64.ActiveCfg = Debug|iPhone
		{631C181C-D370-474F-B523-9A7B4EDDE527}.Debug|x64.Build.0 = Debug|iPhone
		{631C181C-D370-474F-B523-9A7B4EDDE527}.Debug|x64.Deploy.0 = Debug|iPhone
		{631C181C-D370-474F-B523-9A7B4EDDE527}.Debug|x86.ActiveCfg = Debug|iPhone
		{631C181C-D370-474F-B523-9A7B4EDDE527}.Debug|x86.Build.0 = Debug|iPhone
		{631C181C-D370-474F-B523-9A7B4EDDE527}.Debug|x86.Deploy.0 = Debug|iPhone
		{631C181C-D370-474F-B523-9A7B4EDDE527}.Release|Any CPU.ActiveCfg = Release|iPhone
		{631C181C-D370-474F-B523-9A7B4EDDE527}.Release|Any CPU.Build.0 = Release|iPhone
		{631C181C-D370-474F-B523-9A7B4EDDE527}.Release|Any CPU.Deploy.0 = Release|iPhone
		{631C181C-D370-474F-B523-9A7B4EDDE527}.Release|ARM.ActiveCfg = Release|iPhone
		{631C181C-D370-474F-B523-9A7B4EDDE527}.Release|ARM.Build.0 = Release|iPhone
		{631C181C-D370-474F-B523-9A7B4EDDE527}.Release|ARM.Deploy.0 = Release|iPhone
		{631C181C-D370-474F-B523-9A7B4EDDE527}.Release|iPhone.ActiveCfg = Release|iPhone
		{631C181C-D370-474F-B523-9A7B4EDDE527}.Release|iPhone.Build.0 = Release|iPhone
		{631C181C-D370-474F-B523-9A7B4EDDE527}.Release|iPhone.Deploy.0 = Release|iPhone
		{631C181C-D370-474F-B523-9A7B4EDDE527}.Release|iPhoneSimulator.ActiveCfg = Release|iPhoneSimulator
		{631C181C-D370-474F-B523-9A7B4EDDE527}.Release|iPhoneSimulator.Build.0 = Release|iPhoneSimulator
		{631C181C-D370-474F-B523-9A7B4EDDE527}.Release|iPhoneSimulator.Deploy.0 = Release|iPhoneSimulator
		{631C181C-D370-474F-B523-9A7B4EDDE527}.Release|x64.ActiveCfg = Release|iPhone
		{631C181C-D370-474F-B523-9A7B4EDDE527}.Release|x64.Build.0 = Release|iPhone
		{631C181C-D370-474F-B523-9A7B4EDDE527}.Release|x64.Deploy.0 = Release|iPhone
		{631C181C-D370-474F-B523-9A7B4EDDE527}.Release|x86.ActiveCfg = Release|iPhone
		{631C181C-D370-474F-B523-9A7B4EDDE527}.Release|x86.Build.0 = Release|iPhone
		{631C181C-D370-474F-B523-9A7B4EDDE527}.Release|x86.Deploy.0 = Release|iPhone
		{98E1A557-2107-41BE-81F0-A6FA97869CBF}.Ad-Hoc|Any CPU.ActiveCfg = Release|x86
		{98E1A557-2107-41BE-81F0-A6FA97869CBF}.Ad-Hoc|Any CPU.Build.0 = Release|x86
		{98E1A557-2107-41BE-81F0-A6FA97869CBF}.Ad-Hoc|Any CPU.Deploy.0 = Release|x86
		{98E1A557-2107-41BE-81F0-A6FA97869CBF}.Ad-Hoc|ARM.ActiveCfg = Release|ARM
		{98E1A557-2107-41BE-81F0-A6FA97869CBF}.Ad-Hoc|ARM.Build.0 = Release|ARM
		{98E1A557-2107-41BE-81F0-A6FA97869CBF}.Ad-Hoc|ARM.Deploy.0 = Release|ARM
		{98E1A557-2107-41BE-81F0-A6FA97869CBF}.Ad-Hoc|iPhone.ActiveCfg = Release|x86
		{98E1A557-2107-41BE-81F0-A6FA97869CBF}.Ad-Hoc|iPhone.Build.0 = Release|x86
		{98E1A557-2107-41BE-81F0-A6FA97869CBF}.Ad-Hoc|iPhone.Deploy.0 = Release|x86
		{98E1A557-2107-41BE-81F0-A6FA97869CBF}.Ad-Hoc|iPhoneSimulator.ActiveCfg = Release|x86
		{98E1A557-2107-41BE-81F0-A6FA97869CBF}.Ad-Hoc|iPhoneSimulator.Build.0 = Release|x86
		{98E1A557-2107-41BE-81F0-A6FA97869CBF}.Ad-Hoc|iPhoneSimulator.Deploy.0 = Release|x86
		{98E1A557-2107-41BE-81F0-A6FA97869CBF}.Ad-Hoc|x64.ActiveCfg = Release|x64
		{98E1A557-2107-41BE-81F0-A6FA97869CBF}.Ad-Hoc|x64.Build.0 = Release|x64
		{98E1A557-2107-41BE-81F0-A6FA97869CBF}.Ad-Hoc|x64.Deploy.0 = Release|x64
		{98E1A557-2107-41BE-81F0-A6FA97869CBF}.Ad-Hoc|x86.ActiveCfg = Release|x86
		{98E1A557-2107-41BE-81F0-A6FA97869CBF}.Ad-Hoc|x86.Build.0 = Release|x86
		{98E1A557-2107-41BE-81F0-A6FA97869CBF}.Ad-Hoc|x86.Deploy.0 = Release|x86
		{98E1A557-2107-41BE-81F0-A6FA97869CBF}.AppStore|Any CPU.ActiveCfg = Release|x86
		{98E1A557-2107-41BE-81F0-A6FA97869CBF}.AppStore|Any CPU.Build.0 = Release|x86
		{98E1A557-2107-41BE-81F0-A6FA97869CBF}.AppStore|Any CPU.Deploy.0 = Release|x86
		{98E1A557-2107-41BE-81F0-A6FA97869CBF}.AppStore|ARM.ActiveCfg = Release|ARM
		{98E1A557-2107-41BE-81F0-A6FA97869CBF}.AppStore|ARM.Build.0 = Release|ARM
		{98E1A557-2107-41BE-81F0-A6FA97869CBF}.AppStore|ARM.Deploy.0 = Release|ARM
		{98E1A557-2107-41BE-81F0-A6FA97869CBF}.AppStore|iPhone.ActiveCfg = Release|x86
		{98E1A557-2107-41BE-81F0-A6FA97869CBF}.AppStore|iPhone.Build.0 = Release|x86
		{98E1A557-2107-41BE-81F0-A6FA97869CBF}.AppStore|iPhone.Deploy.0 = Release|x86
		{98E1A557-2107-41BE-81F0-A6FA97869CBF}.AppStore|iPhoneSimulator.ActiveCfg = Release|x86
		{98E1A557-2107-41BE-81F0-A6FA97869CBF}.AppStore|iPhoneSimulator.Build.0 = Release|x86
		{98E1A557-2107-41BE-81F0-A6FA97869CBF}.AppStore|iPhoneSimulator.Deploy.0 = Release|x86
		{98E1A557-2107-41BE-81F0-A6FA97869CBF}.AppStore|x64.ActiveCfg = Release|x64
		{98E1A557-2107-41BE-81F0-A6FA97869CBF}.AppStore|x64.Build.0 = Release|x64
		{98E1A557-2107-41BE-81F0-A6FA97869CBF}.AppStore|x64.Deploy.0 = Release|x64
		{98E1A557-2107-41BE-81F0-A6FA97869CBF}.AppStore|x86.ActiveCfg = Release|x86
		{98E1A557-2107-41BE-81F0-A6FA97869CBF}.AppStore|x86.Build.0 = Release|x86
		{98E1A557-2107-41BE-81F0-A6FA97869CBF}.AppStore|x86.Deploy.0 = Release|x86
		{98E1A557-2107-41BE-81F0-A6FA97869CBF}.Debug|Any CPU.ActiveCfg = Debug|x86
		{98E1A557-2107-41BE-81F0-A6FA97869CBF}.Debug|Any CPU.Build.0 = Debug|x86
		{98E1A557-2107-41BE-81F0-A6FA97869CBF}.Debug|Any CPU.Deploy.0 = Debug|x86
		{98E1A557-2107-41BE-81F0-A6FA97869CBF}.Debug|ARM.ActiveCfg = Debug|ARM
		{98E1A557-2107-41BE-81F0-A6FA97869CBF}.Debug|ARM.Build.0 = Debug|ARM
		{98E1A557-2107-41BE-81F0-A6FA97869CBF}.Debug|ARM.Deploy.0 = Debug|ARM
		{98E1A557-2107-41BE-81F0-A6FA97869CBF}.Debug|iPhone.ActiveCfg = Debug|x86
		{98E1A557-2107-41BE-81F0-A6FA97869CBF}.Debug|iPhone.Build.0 = Debug|x86
		{98E1A557-2107-41BE-81F0-A6FA97869CBF}.Debug|iPhone.Deploy.0 = Debug|x86
		{98E1A557-2107-41BE-81F0-A6FA97869CBF}.Debug|iPhoneSimulator.ActiveCfg = Debug|x86
		{98E1A557-2107-41BE-81F0-A6FA97869CBF}.Debug|iPhoneSimulator.Build.0 = Debug|x86
		{98E1A557-2107-41BE-81F0-A6FA97869CBF}.Debug|iPhoneSimulator.Deploy.0 = Debug|x86
		{98E1A557-2107-41BE-81F0-A6FA97869CBF}.Debug|x64.ActiveCfg = Debug|x64
		{98E1A557-2107-41BE-81F0-A6FA97869CBF}.Debug|x64.Build.0 = Debug|x64
		{98E1A557-2107-41BE-81F0-A6FA97869CBF}.Debug|x64.Deploy.0 = Debug|x64
		{98E1A557-2107-41BE-81F0-A6FA97869CBF}.Debug|x86.ActiveCfg = Debug|x86
		{98E1A557-2107-41BE-81F0-A6FA97869CBF}.Debug|x86.Build.0 = Debug|x86
		{98E1A557-2107-41BE-81F0-A6FA97869CBF}.Debug|x86.Deploy.0 = Debug|x86
		{98E1A557-2107-41BE-81F0-A6FA97869CBF}.Release|Any CPU.ActiveCfg = Release|x86
		{98E1A557-2107-41BE-81F0-A6FA97869CBF}.Release|Any CPU.Build.0 = Release|x86
		{98E1A557-2107-41BE-81F0-A6FA97869CBF}.Release|Any CPU.Deploy.0 = Release|x86
		{98E1A557-2107-41BE-81F0-A6FA97869CBF}.Release|ARM.ActiveCfg = Release|ARM
		{98E1A557-2107-41BE-81F0-A6FA97869CBF}.Release|ARM.Build.0 = Release|ARM
		{98E1A557-2107-41BE-81F0-A6FA97869CBF}.Release|ARM.Deploy.0 = Release|ARM
		{98E1A557-2107-41BE-81F0-A6FA97869CBF}.Release|iPhone.ActiveCfg = Release|x86
		{98E1A557-2107-41BE-81F0-A6FA97869CBF}.Release|iPhone.Build.0 = Release|x86
		{98E1A557-2107-41BE-81F0-A6FA97869CBF}.Release|iPhone.Deploy.0 = Release|x86
		{98E1A557-2107-41BE-81F0-A6FA97869CBF}.Release|iPhoneSimulator.ActiveCfg = Release|x86
		{98E1A557-2107-41BE-81F0-A6FA97869CBF}.Release|iPhoneSimulator.Build.0 = Release|x86
		{98E1A557-2107-41BE-81F0-A6FA97869CBF}.Release|iPhoneSimulator.Deploy.0 = Release|x86
		{98E1A557-2107-41BE-81F0-A6FA97869CBF}.Release|x64.ActiveCfg = Release|x64
		{98E1A557-2107-41BE-81F0-A6FA97869CBF}.Release|x64.Build.0 = Release|x64
		{98E1A557-2107-41BE-81F0-A6FA97869CBF}.Release|x64.Deploy.0 = Release|x64
		{98E1A557-2107-41BE-81F0-A6FA97869CBF}.Release|x86.ActiveCfg = Release|x86
		{98E1A557-2107-41BE-81F0-A6FA97869CBF}.Release|x86.Build.0 = Release|x86
		{98E1A557-2107-41BE-81F0-A6FA97869CBF}.Release|x86.Deploy.0 = Release|x86
		{B45DD38F-A2B0-4B93-A7A6-8E2D6B0C8321}.Ad-Hoc|Any CPU.ActiveCfg = Debug|Any CPU
		{B45DD38F-A2B0-4B93-A7A6-8E2D6B0C8321}.Ad-Hoc|Any CPU.Build.0 = Debug|Any CPU
		{B45DD38F-A2B0-4B93-A7A6-8E2D6B0C8321}.Ad-Hoc|Any CPU.Deploy.0 = Debug|Any CPU
		{B45DD38F-A2B0-4B93-A7A6-8E2D6B0C8321}.Ad-Hoc|ARM.ActiveCfg = Debug|Any CPU
		{B45DD38F-A2B0-4B93-A7A6-8E2D6B0C8321}.Ad-Hoc|ARM.Build.0 = Debug|Any CPU
		{B45DD38F-A2B0-4B93-A7A6-8E2D6B0C8321}.Ad-Hoc|ARM.Deploy.0 = Debug|Any CPU
		{B45DD38F-A2B0-4B93-A7A6-8E2D6B0C8321}.Ad-Hoc|iPhone.ActiveCfg = Debug|Any CPU
		{B45DD38F-A2B0-4B93-A7A6-8E2D6B0C8321}.Ad-Hoc|iPhone.Build.0 = Debug|Any CPU
		{B45DD38F-A2B0-4B93-A7A6-8E2D6B0C8321}.Ad-Hoc|iPhone.Deploy.0 = Debug|Any CPU
		{B45DD38F-A2B0-4B93-A7A6-8E2D6B0C8321}.Ad-Hoc|iPhoneSimulator.ActiveCfg = Debug|Any CPU
		{B45DD38F-A2B0-4B93-A7A6-8E2D6B0C8321}.Ad-Hoc|iPhoneSimulator.Build.0 = Debug|Any CPU
		{B45DD38F-A2B0-4B93-A7A6-8E2D6B0C8321}.Ad-Hoc|iPhoneSimulator.Deploy.0 = Debug|Any CPU
		{B45DD38F-A2B0-4B93-A7A6-8E2D6B0C8321}.Ad-Hoc|x64.ActiveCfg = Debug|Any CPU
		{B45DD38F-A2B0-4B93-A7A6-8E2D6B0C8321}.Ad-Hoc|x64.Build.0 = Debug|Any CPU
		{B45DD38F-A2B0-4B93-A7A6-8E2D6B0C8321}.Ad-Hoc|x64.Deploy.0 = Debug|Any CPU
		{B45DD38F-A2B0-4B93-A7A6-8E2D6B0C8321}.Ad-Hoc|x86.ActiveCfg = Debug|Any CPU
		{B45DD38F-A2B0-4B93-A7A6-8E2D6B0C8321}.Ad-Hoc|x86.Build.0 = Debug|Any CPU
		{B45DD38F-A2B0-4B93-A7A6-8E2D6B0C8321}.Ad-Hoc|x86.Deploy.0 = Debug|Any CPU
		{B45DD38F-A2B0-4B93-A7A6-8E2D6B0C8321}.AppStore|Any CPU.ActiveCfg = Debug|Any CPU
		{B45DD38F-A2B0-4B93-A7A6-8E2D6B0C8321}.AppStore|Any CPU.Build.0 = Debug|Any CPU
		{B45DD38F-A2B0-4B93-A7A6-8E2D6B0C8321}.AppStore|Any CPU.Deploy.0 = Debug|Any CPU
		{B45DD38F-A2B0-4B93-A7A6-8E2D6B0C8321}.AppStore|ARM.ActiveCfg = Debug|Any CPU
		{B45DD38F-A2B0-4B93-A7A6-8E2D6B0C8321}.AppStore|ARM.Build.0 = Debug|Any CPU
		{B45DD38F-A2B0-4B93-A7A6-8E2D6B0C8321}.AppStore|ARM.Deploy.0 = Debug|Any CPU
		{B45DD38F-A2B0-4B93-A7A6-8E2D6B0C8321}.AppStore|iPhone.ActiveCfg = Debug|Any CPU
		{B45DD38F-A2B0-4B93-A7A6-8E2D6B0C8321}.AppStore|iPhone.Build.0 = Debug|Any CPU
		{B45DD38F-A2B0-4B93-A7A6-8E2D6B0C8321}.AppStore|iPhone.Deploy.0 = Debug|Any CPU
		{B45DD38F-A2B0-4B93-A7A6-8E2D6B0C8321}.AppStore|iPhoneSimulator.ActiveCfg = Debug|Any CPU
		{B45DD38F-A2B0-4B93-A7A6-8E2D6B0C8321}.AppStore|iPhoneSimulator.Build.0 = Debug|Any CPU
		{B45DD38F-A2B0-4B93-A7A6-8E2D6B0C8321}.AppStore|iPhoneSimulator.Deploy.0 = Debug|Any CPU
		{B45DD38F-A2B0-4B93-A7A6-8E2D6B0C8321}.AppStore|x64.ActiveCfg = Debug|Any CPU
		{B45DD38F-A2B0-4B93-A7A6-8E2D6B0C8321}.AppStore|x64.Build.0 = Debug|Any CPU
		{B45DD38F-A2B0-4B93-A7A6-8E2D6B0C8321}.AppStore|x64.Deploy.0 = Debug|Any CPU
		{B45DD38F-A2B0-4B93-A7A6-8E2D6B0C8321}.AppStore|x86.ActiveCfg = Debug|Any CPU
		{B45DD38F-A2B0-4B93-A7A6-8E2D6B0C8321}.AppStore|x86.Build.0 = Debug|Any CPU
		{B45DD38F-A2B0-4B93-A7A6-8E2D6B0C8321}.AppStore|x86.Deploy.0 = Debug|Any CPU
		{B45DD38F-A2B0-4B93-A7A6-8E2D6B0C8321}.Debug|Any CPU.ActiveCfg = Debug|Any CPU
		{B45DD38F-A2B0-4B93-A7A6-8E2D6B0C8321}.Debug|Any CPU.Build.0 = Debug|Any CPU
		{B45DD38F-A2B0-4B93-A7A6-8E2D6B0C8321}.Debug|Any CPU.Deploy.0 = Debug|Any CPU
		{B45DD38F-A2B0-4B93-A7A6-8E2D6B0C8321}.Debug|ARM.ActiveCfg = Debug|Any CPU
		{B45DD38F-A2B0-4B93-A7A6-8E2D6B0C8321}.Debug|ARM.Build.0 = Debug|Any CPU
		{B45DD38F-A2B0-4B93-A7A6-8E2D6B0C8321}.Debug|ARM.Deploy.0 = Debug|Any CPU
		{B45DD38F-A2B0-4B93-A7A6-8E2D6B0C8321}.Debug|iPhone.ActiveCfg = Debug|Any CPU
		{B45DD38F-A2B0-4B93-A7A6-8E2D6B0C8321}.Debug|iPhone.Build.0 = Debug|Any CPU
		{B45DD38F-A2B0-4B93-A7A6-8E2D6B0C8321}.Debug|iPhone.Deploy.0 = Debug|Any CPU
		{B45DD38F-A2B0-4B93-A7A6-8E2D6B0C8321}.Debug|iPhoneSimulator.ActiveCfg = Debug|Any CPU
		{B45DD38F-A2B0-4B93-A7A6-8E2D6B0C8321}.Debug|iPhoneSimulator.Build.0 = Debug|Any CPU
		{B45DD38F-A2B0-4B93-A7A6-8E2D6B0C8321}.Debug|iPhoneSimulator.Deploy.0 = Debug|Any CPU
		{B45DD38F-A2B0-4B93-A7A6-8E2D6B0C8321}.Debug|x64.ActiveCfg = Debug|Any CPU
		{B45DD38F-A2B0-4B93-A7A6-8E2D6B0C8321}.Debug|x64.Build.0 = Debug|Any CPU
		{B45DD38F-A2B0-4B93-A7A6-8E2D6B0C8321}.Debug|x64.Deploy.0 = Debug|Any CPU
		{B45DD38F-A2B0-4B93-A7A6-8E2D6B0C8321}.Debug|x86.ActiveCfg = Debug|Any CPU
		{B45DD38F-A2B0-4B93-A7A6-8E2D6B0C8321}.Debug|x86.Build.0 = Debug|Any CPU
		{B45DD38F-A2B0-4B93-A7A6-8E2D6B0C8321}.Debug|x86.Deploy.0 = Debug|Any CPU
		{B45DD38F-A2B0-4B93-A7A6-8E2D6B0C8321}.Release|Any CPU.ActiveCfg = Release|Any CPU
		{B45DD38F-A2B0-4B93-A7A6-8E2D6B0C8321}.Release|Any CPU.Build.0 = Release|Any CPU
		{B45DD38F-A2B0-4B93-A7A6-8E2D6B0C8321}.Release|Any CPU.Deploy.0 = Release|Any CPU
		{B45DD38F-A2B0-4B93-A7A6-8E2D6B0C8321}.Release|ARM.ActiveCfg = Release|Any CPU
		{B45DD38F-A2B0-4B93-A7A6-8E2D6B0C8321}.Release|ARM.Build.0 = Release|Any CPU
		{B45DD38F-A2B0-4B93-A7A6-8E2D6B0C8321}.Release|ARM.Deploy.0 = Release|Any CPU
		{B45DD38F-A2B0-4B93-A7A6-8E2D6B0C8321}.Release|iPhone.ActiveCfg = Release|Any CPU
		{B45DD38F-A2B0-4B93-A7A6-8E2D6B0C8321}.Release|iPhone.Build.0 = Release|Any CPU
		{B45DD38F-A2B0-4B93-A7A6-8E2D6B0C8321}.Release|iPhone.Deploy.0 = Release|Any CPU
		{B45DD38F-A2B0-4B93-A7A6-8E2D6B0C8321}.Release|iPhoneSimulator.ActiveCfg = Release|Any CPU
		{B45DD38F-A2B0-4B93-A7A6-8E2D6B0C8321}.Release|iPhoneSimulator.Build.0 = Release|Any CPU
		{B45DD38F-A2B0-4B93-A7A6-8E2D6B0C8321}.Release|iPhoneSimulator.Deploy.0 = Release|Any CPU
		{B45DD38F-A2B0-4B93-A7A6-8E2D6B0C8321}.Release|x64.ActiveCfg = Release|Any CPU
		{B45DD38F-A2B0-4B93-A7A6-8E2D6B0C8321}.Release|x64.Build.0 = Release|Any CPU
		{B45DD38F-A2B0-4B93-A7A6-8E2D6B0C8321}.Release|x64.Deploy.0 = Release|Any CPU
		{B45DD38F-A2B0-4B93-A7A6-8E2D6B0C8321}.Release|x86.ActiveCfg = Release|Any CPU
		{B45DD38F-A2B0-4B93-A7A6-8E2D6B0C8321}.Release|x86.Build.0 = Release|Any CPU
		{B45DD38F-A2B0-4B93-A7A6-8E2D6B0C8321}.Release|x86.Deploy.0 = Release|Any CPU
		{23252B8D-7E85-4F5F-9E4F-1232686D306B}.Ad-Hoc|Any CPU.ActiveCfg = Debug|Any CPU
		{23252B8D-7E85-4F5F-9E4F-1232686D306B}.Ad-Hoc|Any CPU.Build.0 = Debug|Any CPU
		{23252B8D-7E85-4F5F-9E4F-1232686D306B}.Ad-Hoc|ARM.ActiveCfg = Debug|Any CPU
		{23252B8D-7E85-4F5F-9E4F-1232686D306B}.Ad-Hoc|ARM.Build.0 = Debug|Any CPU
		{23252B8D-7E85-4F5F-9E4F-1232686D306B}.Ad-Hoc|iPhone.ActiveCfg = Debug|Any CPU
		{23252B8D-7E85-4F5F-9E4F-1232686D306B}.Ad-Hoc|iPhone.Build.0 = Debug|Any CPU
		{23252B8D-7E85-4F5F-9E4F-1232686D306B}.Ad-Hoc|iPhoneSimulator.ActiveCfg = Debug|Any CPU
		{23252B8D-7E85-4F5F-9E4F-1232686D306B}.Ad-Hoc|iPhoneSimulator.Build.0 = Debug|Any CPU
		{23252B8D-7E85-4F5F-9E4F-1232686D306B}.Ad-Hoc|x64.ActiveCfg = Debug|Any CPU
		{23252B8D-7E85-4F5F-9E4F-1232686D306B}.Ad-Hoc|x64.Build.0 = Debug|Any CPU
		{23252B8D-7E85-4F5F-9E4F-1232686D306B}.Ad-Hoc|x86.ActiveCfg = Debug|Any CPU
		{23252B8D-7E85-4F5F-9E4F-1232686D306B}.Ad-Hoc|x86.Build.0 = Debug|Any CPU
		{23252B8D-7E85-4F5F-9E4F-1232686D306B}.AppStore|Any CPU.ActiveCfg = Debug|Any CPU
		{23252B8D-7E85-4F5F-9E4F-1232686D306B}.AppStore|Any CPU.Build.0 = Debug|Any CPU
		{23252B8D-7E85-4F5F-9E4F-1232686D306B}.AppStore|ARM.ActiveCfg = Debug|Any CPU
		{23252B8D-7E85-4F5F-9E4F-1232686D306B}.AppStore|ARM.Build.0 = Debug|Any CPU
		{23252B8D-7E85-4F5F-9E4F-1232686D306B}.AppStore|iPhone.ActiveCfg = Debug|Any CPU
		{23252B8D-7E85-4F5F-9E4F-1232686D306B}.AppStore|iPhone.Build.0 = Debug|Any CPU
		{23252B8D-7E85-4F5F-9E4F-1232686D306B}.AppStore|iPhoneSimulator.ActiveCfg = Debug|Any CPU
		{23252B8D-7E85-4F5F-9E4F-1232686D306B}.AppStore|iPhoneSimulator.Build.0 = Debug|Any CPU
		{23252B8D-7E85-4F5F-9E4F-1232686D306B}.AppStore|x64.ActiveCfg = Debug|Any CPU
		{23252B8D-7E85-4F5F-9E4F-1232686D306B}.AppStore|x64.Build.0 = Debug|Any CPU
		{23252B8D-7E85-4F5F-9E4F-1232686D306B}.AppStore|x86.ActiveCfg = Debug|Any CPU
		{23252B8D-7E85-4F5F-9E4F-1232686D306B}.AppStore|x86.Build.0 = Debug|Any CPU
		{23252B8D-7E85-4F5F-9E4F-1232686D306B}.Debug|Any CPU.ActiveCfg = Debug|Any CPU
		{23252B8D-7E85-4F5F-9E4F-1232686D306B}.Debug|Any CPU.Build.0 = Debug|Any CPU
		{23252B8D-7E85-4F5F-9E4F-1232686D306B}.Debug|ARM.ActiveCfg = Debug|Any CPU
		{23252B8D-7E85-4F5F-9E4F-1232686D306B}.Debug|ARM.Build.0 = Debug|Any CPU
		{23252B8D-7E85-4F5F-9E4F-1232686D306B}.Debug|iPhone.ActiveCfg = Debug|Any CPU
		{23252B8D-7E85-4F5F-9E4F-1232686D306B}.Debug|iPhone.Build.0 = Debug|Any CPU
		{23252B8D-7E85-4F5F-9E4F-1232686D306B}.Debug|iPhoneSimulator.ActiveCfg = Debug|Any CPU
		{23252B8D-7E85-4F5F-9E4F-1232686D306B}.Debug|iPhoneSimulator.Build.0 = Debug|Any CPU
		{23252B8D-7E85-4F5F-9E4F-1232686D306B}.Debug|x64.ActiveCfg = Debug|Any CPU
		{23252B8D-7E85-4F5F-9E4F-1232686D306B}.Debug|x64.Build.0 = Debug|Any CPU
		{23252B8D-7E85-4F5F-9E4F-1232686D306B}.Debug|x86.ActiveCfg = Debug|Any CPU
		{23252B8D-7E85-4F5F-9E4F-1232686D306B}.Debug|x86.Build.0 = Debug|Any CPU
		{23252B8D-7E85-4F5F-9E4F-1232686D306B}.Release|Any CPU.ActiveCfg = Release|Any CPU
		{23252B8D-7E85-4F5F-9E4F-1232686D306B}.Release|Any CPU.Build.0 = Release|Any CPU
		{23252B8D-7E85-4F5F-9E4F-1232686D306B}.Release|ARM.ActiveCfg = Release|Any CPU
		{23252B8D-7E85-4F5F-9E4F-1232686D306B}.Release|ARM.Build.0 = Release|Any CPU
		{23252B8D-7E85-4F5F-9E4F-1232686D306B}.Release|iPhone.ActiveCfg = Release|Any CPU
		{23252B8D-7E85-4F5F-9E4F-1232686D306B}.Release|iPhone.Build.0 = Release|Any CPU
		{23252B8D-7E85-4F5F-9E4F-1232686D306B}.Release|iPhoneSimulator.ActiveCfg = Release|Any CPU
		{23252B8D-7E85-4F5F-9E4F-1232686D306B}.Release|iPhoneSimulator.Build.0 = Release|Any CPU
		{23252B8D-7E85-4F5F-9E4F-1232686D306B}.Release|x64.ActiveCfg = Release|Any CPU
		{23252B8D-7E85-4F5F-9E4F-1232686D306B}.Release|x64.Build.0 = Release|Any CPU
		{23252B8D-7E85-4F5F-9E4F-1232686D306B}.Release|x86.ActiveCfg = Release|Any CPU
		{23252B8D-7E85-4F5F-9E4F-1232686D306B}.Release|x86.Build.0 = Release|Any CPU
		{266F2199-302C-48C2-B318-6323A3F5270D}.Ad-Hoc|Any CPU.ActiveCfg = Debug|Any CPU
		{266F2199-302C-48C2-B318-6323A3F5270D}.Ad-Hoc|Any CPU.Build.0 = Debug|Any CPU
		{266F2199-302C-48C2-B318-6323A3F5270D}.Ad-Hoc|ARM.ActiveCfg = Debug|Any CPU
		{266F2199-302C-48C2-B318-6323A3F5270D}.Ad-Hoc|ARM.Build.0 = Debug|Any CPU
		{266F2199-302C-48C2-B318-6323A3F5270D}.Ad-Hoc|iPhone.ActiveCfg = Debug|Any CPU
		{266F2199-302C-48C2-B318-6323A3F5270D}.Ad-Hoc|iPhone.Build.0 = Debug|Any CPU
		{266F2199-302C-48C2-B318-6323A3F5270D}.Ad-Hoc|iPhoneSimulator.ActiveCfg = Debug|Any CPU
		{266F2199-302C-48C2-B318-6323A3F5270D}.Ad-Hoc|iPhoneSimulator.Build.0 = Debug|Any CPU
		{266F2199-302C-48C2-B318-6323A3F5270D}.Ad-Hoc|x64.ActiveCfg = Debug|Any CPU
		{266F2199-302C-48C2-B318-6323A3F5270D}.Ad-Hoc|x64.Build.0 = Debug|Any CPU
		{266F2199-302C-48C2-B318-6323A3F5270D}.Ad-Hoc|x86.ActiveCfg = Debug|Any CPU
		{266F2199-302C-48C2-B318-6323A3F5270D}.Ad-Hoc|x86.Build.0 = Debug|Any CPU
		{266F2199-302C-48C2-B318-6323A3F5270D}.AppStore|Any CPU.ActiveCfg = Debug|Any CPU
		{266F2199-302C-48C2-B318-6323A3F5270D}.AppStore|Any CPU.Build.0 = Debug|Any CPU
		{266F2199-302C-48C2-B318-6323A3F5270D}.AppStore|ARM.ActiveCfg = Debug|Any CPU
		{266F2199-302C-48C2-B318-6323A3F5270D}.AppStore|ARM.Build.0 = Debug|Any CPU
		{266F2199-302C-48C2-B318-6323A3F5270D}.AppStore|iPhone.ActiveCfg = Debug|Any CPU
		{266F2199-302C-48C2-B318-6323A3F5270D}.AppStore|iPhone.Build.0 = Debug|Any CPU
		{266F2199-302C-48C2-B318-6323A3F5270D}.AppStore|iPhoneSimulator.ActiveCfg = Debug|Any CPU
		{266F2199-302C-48C2-B318-6323A3F5270D}.AppStore|iPhoneSimulator.Build.0 = Debug|Any CPU
		{266F2199-302C-48C2-B318-6323A3F5270D}.AppStore|x64.ActiveCfg = Debug|Any CPU
		{266F2199-302C-48C2-B318-6323A3F5270D}.AppStore|x64.Build.0 = Debug|Any CPU
		{266F2199-302C-48C2-B318-6323A3F5270D}.AppStore|x86.ActiveCfg = Debug|Any CPU
		{266F2199-302C-48C2-B318-6323A3F5270D}.AppStore|x86.Build.0 = Debug|Any CPU
		{266F2199-302C-48C2-B318-6323A3F5270D}.Debug|Any CPU.ActiveCfg = Debug|Any CPU
		{266F2199-302C-48C2-B318-6323A3F5270D}.Debug|Any CPU.Build.0 = Debug|Any CPU
		{266F2199-302C-48C2-B318-6323A3F5270D}.Debug|ARM.ActiveCfg = Debug|Any CPU
		{266F2199-302C-48C2-B318-6323A3F5270D}.Debug|ARM.Build.0 = Debug|Any CPU
		{266F2199-302C-48C2-B318-6323A3F5270D}.Debug|iPhone.ActiveCfg = Debug|Any CPU
		{266F2199-302C-48C2-B318-6323A3F5270D}.Debug|iPhone.Build.0 = Debug|Any CPU
		{266F2199-302C-48C2-B318-6323A3F5270D}.Debug|iPhoneSimulator.ActiveCfg = Debug|Any CPU
		{266F2199-302C-48C2-B318-6323A3F5270D}.Debug|iPhoneSimulator.Build.0 = Debug|Any CPU
		{266F2199-302C-48C2-B318-6323A3F5270D}.Debug|x64.ActiveCfg = Debug|Any CPU
		{266F2199-302C-48C2-B318-6323A3F5270D}.Debug|x64.Build.0 = Debug|Any CPU
		{266F2199-302C-48C2-B318-6323A3F5270D}.Debug|x86.ActiveCfg = Debug|Any CPU
		{266F2199-302C-48C2-B318-6323A3F5270D}.Debug|x86.Build.0 = Debug|Any CPU
		{266F2199-302C-48C2-B318-6323A3F5270D}.Release|Any CPU.ActiveCfg = Release|Any CPU
		{266F2199-302C-48C2-B318-6323A3F5270D}.Release|Any CPU.Build.0 = Release|Any CPU
		{266F2199-302C-48C2-B318-6323A3F5270D}.Release|ARM.ActiveCfg = Release|Any CPU
		{266F2199-302C-48C2-B318-6323A3F5270D}.Release|ARM.Build.0 = Release|Any CPU
		{266F2199-302C-48C2-B318-6323A3F5270D}.Release|iPhone.ActiveCfg = Release|Any CPU
		{266F2199-302C-48C2-B318-6323A3F5270D}.Release|iPhone.Build.0 = Release|Any CPU
		{266F2199-302C-48C2-B318-6323A3F5270D}.Release|iPhoneSimulator.ActiveCfg = Release|Any CPU
		{266F2199-302C-48C2-B318-6323A3F5270D}.Release|iPhoneSimulator.Build.0 = Release|Any CPU
		{266F2199-302C-48C2-B318-6323A3F5270D}.Release|x64.ActiveCfg = Release|Any CPU
		{266F2199-302C-48C2-B318-6323A3F5270D}.Release|x64.Build.0 = Release|Any CPU
		{266F2199-302C-48C2-B318-6323A3F5270D}.Release|x86.ActiveCfg = Release|Any CPU
		{266F2199-302C-48C2-B318-6323A3F5270D}.Release|x86.Build.0 = Release|Any CPU
	EndGlobalSection
	GlobalSection(SolutionProperties) = preSolution
		HideSolutionNode = FALSE
	EndGlobalSection
	GlobalSection(ExtensibilityGlobals) = postSolution
		SolutionGuid = {FA4CC549-EB33-4A71-9295-23DA538DE069}
	EndGlobalSection
EndGlobal
